
Microsoft Visual Studio Solution File, Format Version 12.00
# Visual Studio 15
VisualStudioVersion = 15.0.28307.960
MinimumVisualStudioVersion = 10.0.40219.1
Project("{FAE04EC0-301F-11D3-BF4B-00C04F79EFBC}") = "BreadSoft", "BreadSoft\BreadSoft.csproj", "{9EDB6A76-E8DF-47C2-96AE-9E2D5063F078}"
EndProject
Global
	GlobalSection(SolutionConfigurationPlatforms) = preSolution
		Debug|Any CPU = Debug|Any CPU
		Release|Any CPU = Release|Any CPU
	EndGlobalSection
	GlobalSection(ProjectConfigurationPlatforms) = postSolution
		{9EDB6A76-E8DF-47C2-96AE-9E2D5063F078}.Debug|Any CPU.ActiveCfg = Debug|Any CPU
		{9EDB6A76-E8DF-47C2-96AE-9E2D5063F078}.Debug|Any CPU.Build.0 = Debug|Any CPU
		{9EDB6A76-E8DF-47C2-96AE-9E2D5063F078}.Release|Any CPU.ActiveCfg = Release|Any CPU
		{9EDB6A76-E8DF-47C2-96AE-9E2D5063F078}.Release|Any CPU.Build.0 = Release|Any CPU
	EndGlobalSection
	GlobalSection(SolutionProperties) = preSolution
		HideSolutionNode = FALSE
	EndGlobalSection
	GlobalSection(ExtensibilityGlobals) = postSolution
		SolutionGuid = {808A0642-0E2E-4275-A0FF-AE1BFE88DAA7}
	EndGlobalSection
EndGlobal
